
Microsoft Visual Studio Solution File, Format Version 12.00
# Visual Studio 15
VisualStudioVersion = 15.0.26430.6
MinimumVisualStudioVersion = 10.0.40219.1
Project("{FAE04EC0-301F-11D3-BF4B-00C04F79EFBC}") = "BiUpdateHelper", "BiUpdateHelper\BiUpdateHelper.csproj", "{8187467A-8321-4AEA-BA5E-B717BCD1A8D9}"
EndProject
Project("{FAE04EC0-301F-11D3-BF4B-00C04F79EFBC}") = "BPUtil", "..\..\..\..\Source\Repos\BPUtil\BPUtil\BPUtil.csproj", "{A4981D8D-DEBF-4B34-B9CE-FF25520A02B7}"
EndProject
Global
	GlobalSection(SolutionConfigurationPlatforms) = preSolution
		Debug|x86 = Debug|x86
		Release|x86 = Release|x86
	EndGlobalSection
	GlobalSection(ProjectConfigurationPlatforms) = postSolution
		{8187467A-8321-4AEA-BA5E-B717BCD1A8D9}.Debug|x86.ActiveCfg = Debug|Any CPU
		{8187467A-8321-4AEA-BA5E-B717BCD1A8D9}.Debug|x86.Build.0 = Debug|Any CPU
		{8187467A-8321-4AEA-BA5E-B717BCD1A8D9}.Release|x86.ActiveCfg = Release|x86
		{8187467A-8321-4AEA-BA5E-B717BCD1A8D9}.Release|x86.Build.0 = Release|x86
		{A4981D8D-DEBF-4B34-B9CE-FF25520A02B7}.Debug|x86.ActiveCfg = Debug|Any CPU
		{A4981D8D-DEBF-4B34-B9CE-FF25520A02B7}.Debug|x86.Build.0 = Debug|Any CPU
		{A4981D8D-DEBF-4B34-B9CE-FF25520A02B7}.Release|x86.ActiveCfg = Release|Any CPU
		{A4981D8D-DEBF-4B34-B9CE-FF25520A02B7}.Release|x86.Build.0 = Release|Any CPU
	EndGlobalSection
	GlobalSection(SolutionProperties) = preSolution
		HideSolutionNode = FALSE
	EndGlobalSection
EndGlobal
