
Microsoft Visual Studio Solution File, Format Version 12.00
# Visual Studio Version 16
VisualStudioVersion = 16.0.29519.87
MinimumVisualStudioVersion = 10.0.40219.1
Project("{FAE04EC0-301F-11D3-BF4B-00C04F79EFBC}") = "BiUpdateHelper", "BiUpdateHelper\BiUpdateHelper.csproj", "{8187467A-8321-4AEA-BA5E-B717BCD1A8D9}"
EndProject
Project("{FAE04EC0-301F-11D3-BF4B-00C04F79EFBC}") = "BPUtil", "..\BPUtil\BPUtil\BPUtil.csproj", "{A4981D8D-DEBF-4B34-B9CE-FF25520A02B7}"
EndProject
Project("{FAE04EC0-301F-11D3-BF4B-00C04F79EFBC}") = "BlueIrisRegistryReader", "..\BlueIrisRegistryReader\BlueIrisRegistryReader\BlueIrisRegistryReader.csproj", "{2988730A-35FC-4EB0-AA52-21264B8F4540}"
EndProject
Project("{FAE04EC0-301F-11D3-BF4B-00C04F79EFBC}") = "PerformanceData", "PerformanceData\PerformanceData.csproj", "{96B932BB-0BB4-434A-B6F8-258C871E7338}"
EndProject
Global
	GlobalSection(SolutionConfigurationPlatforms) = preSolution
		Debug|Any CPU = Debug|Any CPU
		Release|Any CPU = Release|Any CPU
	EndGlobalSection
	GlobalSection(ProjectConfigurationPlatforms) = postSolution
		{8187467A-8321-4AEA-BA5E-B717BCD1A8D9}.Debug|Any CPU.ActiveCfg = Debug|Any CPU
		{8187467A-8321-4AEA-BA5E-B717BCD1A8D9}.Debug|Any CPU.Build.0 = Debug|Any CPU
		{8187467A-8321-4AEA-BA5E-B717BCD1A8D9}.Release|Any CPU.ActiveCfg = Release|Any CPU
		{8187467A-8321-4AEA-BA5E-B717BCD1A8D9}.Release|Any CPU.Build.0 = Release|Any CPU
		{A4981D8D-DEBF-4B34-B9CE-FF25520A02B7}.Debug|Any CPU.ActiveCfg = Debug|Any CPU
		{A4981D8D-DEBF-4B34-B9CE-FF25520A02B7}.Debug|Any CPU.Build.0 = Debug|Any CPU
		{A4981D8D-DEBF-4B34-B9CE-FF25520A02B7}.Release|Any CPU.ActiveCfg = Release|Any CPU
		{A4981D8D-DEBF-4B34-B9CE-FF25520A02B7}.Release|Any CPU.Build.0 = Release|Any CPU
		{2988730A-35FC-4EB0-AA52-21264B8F4540}.Debug|Any CPU.ActiveCfg = Debug|Any CPU
		{2988730A-35FC-4EB0-AA52-21264B8F4540}.Debug|Any CPU.Build.0 = Debug|Any CPU
		{2988730A-35FC-4EB0-AA52-21264B8F4540}.Release|Any CPU.ActiveCfg = Release|Any CPU
		{2988730A-35FC-4EB0-AA52-21264B8F4540}.Release|Any CPU.Build.0 = Release|Any CPU
		{96B932BB-0BB4-434A-B6F8-258C871E7338}.Debug|Any CPU.ActiveCfg = Debug|Any CPU
		{96B932BB-0BB4-434A-B6F8-258C871E7338}.Debug|Any CPU.Build.0 = Debug|Any CPU
		{96B932BB-0BB4-434A-B6F8-258C871E7338}.Release|Any CPU.ActiveCfg = Release|Any CPU
		{96B932BB-0BB4-434A-B6F8-258C871E7338}.Release|Any CPU.Build.0 = Release|Any CPU
	EndGlobalSection
	GlobalSection(SolutionProperties) = preSolution
		HideSolutionNode = FALSE
	EndGlobalSection
	GlobalSection(ExtensibilityGlobals) = postSolution
		SolutionGuid = {3A7739AB-F707-456E-B7CC-1804757D024C}
	EndGlobalSection
EndGlobal
